
Microsoft Visual Studio Solution File, Format Version 12.00
# Visual Studio Version 17
VisualStudioVersion = 17.14.36511.14 d17.14
MinimumVisualStudioVersion = 10.0.40219.1
Project("{FAE04EC0-301F-11D3-BF4B-00C04F79EFBC}") = "client", "client\client.csproj", "{31B85A0D-8994-4329-AA97-3D0DAB77A472}"
EndProject
Global
	GlobalSection(SolutionConfigurationPlatforms) = preSolution
		Debug|Any CPU = Debug|Any CPU
		Release|Any CPU = Release|Any CPU
	EndGlobalSection
	GlobalSection(ProjectConfigurationPlatforms) = postSolution
		{31B85A0D-8994-4329-AA97-3D0DAB77A472}.Debug|Any CPU.ActiveCfg = Debug|Any CPU
		{31B85A0D-8994-4329-AA97-3D0DAB77A472}.Debug|Any CPU.Build.0 = Debug|Any CPU
		{31B85A0D-8994-4329-AA97-3D0DAB77A472}.Release|Any CPU.ActiveCfg = Release|Any CPU
		{31B85A0D-8994-4329-AA97-3D0DAB77A472}.Release|Any CPU.Build.0 = Release|Any CPU
	EndGlobalSection
	GlobalSection(SolutionProperties) = preSolution
		HideSolutionNode = FALSE
	EndGlobalSection
	GlobalSection(ExtensibilityGlobals) = postSolution
		SolutionGuid = {826350CD-BC7F-4875-B891-13B7A435C56C}
	EndGlobalSection
EndGlobal
