
Microsoft Visual Studio Solution File, Format Version 12.00
# Visual Studio Version 17
VisualStudioVersion = 17.14.36616.10 d17.14
MinimumVisualStudioVersion = 10.0.40219.1
Project("{FAE04EC0-301F-11D3-BF4B-00C04F79EFBC}") = "smartfarm_Server", "smartfarm_Server.csproj", "{6FA6628F-B626-462A-BE0C-61457975DDE0}"
EndProject
Global
	GlobalSection(SolutionConfigurationPlatforms) = preSolution
		Debug|Any CPU = Debug|Any CPU
		Release|Any CPU = Release|Any CPU
	EndGlobalSection
	GlobalSection(ProjectConfigurationPlatforms) = postSolution
		{6FA6628F-B626-462A-BE0C-61457975DDE0}.Debug|Any CPU.ActiveCfg = Debug|Any CPU
		{6FA6628F-B626-462A-BE0C-61457975DDE0}.Debug|Any CPU.Build.0 = Debug|Any CPU
		{6FA6628F-B626-462A-BE0C-61457975DDE0}.Release|Any CPU.ActiveCfg = Release|Any CPU
		{6FA6628F-B626-462A-BE0C-61457975DDE0}.Release|Any CPU.Build.0 = Release|Any CPU
	EndGlobalSection
	GlobalSection(SolutionProperties) = preSolution
		HideSolutionNode = FALSE
	EndGlobalSection
	GlobalSection(ExtensibilityGlobals) = postSolution
		SolutionGuid = {98C1E166-C8D7-4EDE-8940-EA738C58F3AC}
	EndGlobalSection
EndGlobal
